// !$*UTF8*$!
{
	archiveVersion = 1;
	classes = {
	};
	objectVersion = 48;
	objects = {

/* Begin PBXBuildFile section */
		24FC3D982006248A001F9D20 /* AppDelegate.m in Sources */ = {isa = PBXBuildFile; fileRef = 24FC3D972006248A001F9D20 /* AppDelegate.m */; };
		24FC3D9B2006248A001F9D20 /* ViewController.m in Sources */ = {isa = PBXBuildFile; fileRef = 24FC3D9A2006248A001F9D20 /* ViewController.m */; };
		24FC3D9E2006248A001F9D20 /* Main.storyboard in Resources */ = {isa = PBXBuildFile; fileRef = 24FC3D9C2006248A001F9D20 /* Main.storyboard */; };
		24FC3DA12006248A001F9D20 /* Assignment.xcdatamodeld in Sources */ = {isa = PBXBuildFile; fileRef = 24FC3D9F2006248A001F9D20 /* Assignment.xcdatamodeld */; };
		24FC3DA32006248A001F9D20 /* Assets.xcassets in Resources */ = {isa = PBXBuildFile; fileRef = 24FC3DA22006248A001F9D20 /* Assets.xcassets */; };
		24FC3DA62006248A001F9D20 /* LaunchScreen.storyboard in Resources */ = {isa = PBXBuildFile; fileRef = 24FC3DA42006248A001F9D20 /* LaunchScreen.storyboard */; };
		24FC3DA92006248A001F9D20 /* main.m in Sources */ = {isa = PBXBuildFile; fileRef = 24FC3DA82006248A001F9D20 /* main.m */; };
		24FC3DB02009B12D001F9D20 /* yourVideo.mov in Resources */ = {isa = PBXBuildFile; fileRef = 24FC3DAF2009B12D001F9D20 /* yourVideo.mov */; };
/* End PBXBuildFile section */

/* Begin PBXFileReference section */
		24FC3D932006248A001F9D20 /* Assignment.app */ = {isa = PBXFileReference; explicitFileType = wrapper.application; includeInIndex = 0; path = Assignment.app; sourceTree = BUILT_PRODUCTS_DIR; };
		24FC3D962006248A001F9D20 /* AppDelegate.h */ = {isa = PBXFileReference; lastKnownFileType = sourcecode.c.h; path = AppDelegate.h; sourceTree = "<group>"; };
		24FC3D972006248A001F9D20 /* AppDelegate.m */ = {isa = PBXFileReference; lastKnownFileType = sourcecode.c.objc; path = AppDelegate.m; sourceTree = "<group>"; };
		24FC3D992006248A001F9D20 /* ViewController.h */ = {isa = PBXFileReference; lastKnownFileType = sourcecode.c.h; path = ViewController.h; sourceTree = "<group>"; };
		24FC3D9A2006248A001F9D20 /* ViewController.m */ = {isa = PBXFileReference; lastKnownFileType = sourcecode.c.objc; path = ViewController.m; sourceTree = "<group>"; };
		24FC3D9D2006248A001F9D20 /* Base */ = {isa = PBXFileReference; lastKnownFileType = file.storyboard; name = Base; path = Base.lproj/Main.storyboard; sourceTree = "<group>"; };
		24FC3DA02006248A001F9D20 /* Assignment.xcdatamodel */ = {isa = PBXFileReference; lastKnownFileType = wrapper.xcdatamodel; path = Assignment.xcdatamodel; sourceTree = "<group>"; };
		24FC3DA22006248A001F9D20 /* Assets.xcassets */ = {isa = PBXFileReference; lastKnownFileType = folder.assetcatalog; path = Assets.xcassets; sourceTree = "<group>"; };
		24FC3DA52006248A001F9D20 /* Base */ = {isa = PBXFileReference; lastKnownFileType = file.storyboard; name = Base; path = Base.lproj/LaunchScreen.storyboard; sourceTree = "<group>"; };
		24FC3DA72006248A001F9D20 /* Info.plist */ = {isa = PBXFileReference; lastKnownFileType = text.plist.xml; path = Info.plist; sourceTree = "<group>"; };
		24FC3DA82006248A001F9D20 /* main.m */ = {isa = PBXFileReference; lastKnownFileType = sourcecode.c.objc; path = main.m; sourceTree = "<group>"; };
		24FC3DAF2009B12D001F9D20 /* yourVideo.mov */ = {isa = PBXFileReference; lastKnownFileType = video.quicktime; path = yourVideo.mov; sourceTree = "<group>"; };
/* End PBXFileReference section */

/* Begin PBXFrameworksBuildPhase section */
		24FC3D902006248A001F9D20 /* Frameworks */ = {
			isa = PBXFrameworksBuildPhase;
			buildActionMask = 2147483647;
			files = (
			);
			runOnlyForDeploymentPostprocessing = 0;
		};
/* End PBXFrameworksBuildPhase section */

/* Begin PBXGroup section */
		24FC3D8A2006248A001F9D20 = {
			isa = PBXGroup;
			children = (
				24FC3D952006248A001F9D20 /* Assignment */,
				24FC3D942006248A001F9D20 /* Products */,
			);
			sourceTree = "<group>";
		};
		24FC3D942006248A001F9D20 /* Products */ = {
			isa = PBXGroup;
			children = (
				24FC3D932006248A001F9D20 /* Assignment.app */,
			);
			name = Products;
			sourceTree = "<group>";
		};
		24FC3D952006248A001F9D20 /* Assignment */ = {
			isa = PBXGroup;
			children = (
				24FC3DAF2009B12D001F9D20 /* yourVideo.mov */,
				24FC3D962006248A001F9D20 /* AppDelegate.h */,
				24FC3D972006248A001F9D20 /* AppDelegate.m */,
				24FC3D992006248A001F9D20 /* ViewController.h */,
				24FC3D9A2006248A001F9D20 /* ViewController.m */,
				24FC3D9C2006248A001F9D20 /* Main.storyboard */,
				24FC3DA22006248A001F9D20 /* Assets.xcassets */,
				24FC3DA42006248A001F9D20 /* LaunchScreen.storyboard */,
				24FC3DA72006248A001F9D20 /* Info.plist */,
				24FC3DA82006248A001F9D20 /* main.m */,
				24FC3D9F2006248A001F9D20 /* Assignment.xcdatamodeld */,
			);
			path = Assignment;
			sourceTree = "<group>";
		};
/* End PBXGroup section */

/* Begin PBXNativeTarget section */
		24FC3D922006248A001F9D20 /* Assignment */ = {
			isa = PBXNativeTarget;
			buildConfigurationList = 24FC3DAC2006248A001F9D20 /* Build configuration list for PBXNativeTarget "Assignment" */;
			buildPhases = (
				24FC3D8F2006248A001F9D20 /* Sources */,
				24FC3D902006248A001F9D20 /* Frameworks */,
				24FC3D912006248A001F9D20 /* Resources */,
			);
			buildRules = (
			);
			dependencies = (
			);
			name = Assignment;
			productName = Assignment;
			productReference = 24FC3D932006248A001F9D20 /* Assignment.app */;
			productType = "com.apple.product-type.application";
		};
/* End PBXNativeTarget section */

/* Begin PBXProject section */
		24FC3D8B2006248A001F9D20 /* Project object */ = {
			isa = PBXProject;
			attributes = {
				LastUpgradeCheck = 0920;
				ORGANIZATIONNAME = none;
				TargetAttributes = {
					24FC3D922006248A001F9D20 = {
						CreatedOnToolsVersion = 9.2;
						ProvisioningStyle = Automatic;
					};
				};
			};
			buildConfigurationList = 24FC3D8E2006248A001F9D20 /* Build configuration list for PBXProject "Assignment" */;
			compatibilityVersion = "Xcode 8.0";
			developmentRegion = en;
			hasScannedForEncodings = 0;
			knownRegions = (
				en,
				Base,
			);
			mainGroup = 24FC3D8A2006248A001F9D20;
			productRefGroup = 24FC3D942006248A001F9D20 /* Products */;
			projectDirPath = "";
			projectRoot = "";
			targets = (
				24FC3D922006248A001F9D20 /* Assignment */,
			);
		};
/* End PBXProject section */

/* Begin PBXResourcesBuildPhase section */
		24FC3D912006248A001F9D20 /* Resources */ = {
			isa = PBXResourcesBuildPhase;
			buildActionMask = 2147483647;
			files = (
				24FC3DA62006248A001F9D20 /* LaunchScreen.storyboard in Resources */,
				24FC3DA32006248A001F9D20 /* Assets.xcassets in Resources */,
				24FC3D9E2006248A001F9D20 /* Main.storyboard in Resources */,
				24FC3DB02009B12D001F9D20 /* yourVideo.mov in Resources */,
			);
			runOnlyForDeploymentPostprocessing = 0;
		};
/* End PBXResourcesBuildPhase section */

/* Begin PBXSourcesBuildPhase section */
		24FC3D8F2006248A001F9D20 /* Sources */ = {
			isa = PBXSourcesBuildPhase;
			buildActionMask = 2147483647;
			files = (
				24FC3DA12006248A001F9D20 /* Assignment.xcdatamodeld in Sources */,
				24FC3D9B2006248A001F9D20 /* ViewController.m in Sources */,
				24FC3DA92006248A001F9D20 /* main.m in Sources */,
				24FC3D982006248A001F9D20 /* AppDelegate.m in Sources */,
			);
			runOnlyForDeploymentPostprocessing = 0;
		};
/* End PBXSourcesBuildPhase section */

/* Begin PBXVariantGroup section */
		24FC3D9C2006248A001F9D20 /* Main.storyboard */ = {
			isa = PBXVariantGroup;
			children = (
				24FC3D9D2006248A001F9D20 /* Base */,
			);
			name = Main.storyboard;
			sourceTree = "<group>";
		};
		24FC3DA42006248A001F9D20 /* LaunchScreen.storyboard */ = {
			isa = PBXVariantGroup;
			children = (
				24FC3DA52006248A001F9D20 /* Base */,
			);
			name = LaunchScreen.storyboard;
			sourceTree = "<group>";
		};
/* End PBXVariantGroup section */

/* Begin XCBuildConfiguration section */
		24FC3DAA2006248A001F9D20 /* Debug */ = {
			isa = XCBuildConfiguration;
			buildSettings = {
				ALWAYS_SEARCH_USER_PATHS = NO;
				CLANG_ANALYZER_NONNULL = YES;
				CLANG_ANALYZER_NUMBER_OBJECT_CONVERSION = YES_AGGRESSIVE;
				CLANG_CXX_LANGUAGE_STANDARD = "gnu++14";
				CLANG_CXX_LIBRARY = "libc++";
				CLANG_ENABLE_MODULES = YES;
				CLANG_ENABLE_OBJC_ARC = YES;
				CLANG_WARN_BLOCK_CAPTURE_AUTORELEASING = YES;
				CLANG_WARN_BOOL_CONVERSION = YES;
				CLANG_WARN_COMMA = YES;
				CLANG_WARN_CONSTANT_CONVERSION = YES;
				CLANG_WARN_DIRECT_OBJC_ISA_USAGE = YES_ERROR;
				CLANG_WARN_DOCUMENTATION_COMMENTS = YES;
				CLANG_WARN_EMPTY_BODY = YES;
				CLANG_WARN_ENUM_CONVERSION = YES;
				CLANG_WARN_INFINITE_RECURSION = YES;
				CLANG_WARN_INT_CONVERSION = YES;
				CLANG_WARN_NON_LITERAL_NULL_CONVERSION = YES;
				CLANG_WARN_OBJC_LITERAL_CONVERSION = YES;
				CLANG_WARN_OBJC_ROOT_CLASS = YES_ERROR;
				CLANG_WARN_RANGE_LOOP_ANALYSIS = YES;
				CLANG_WARN_STRICT_PROTOTYPES = YES;
				CLANG_WARN_SUSPICIOUS_MOVE = YES;
				CLANG_WARN_UNGUARDED_AVAILABILITY = YES_AGGRESSIVE;
				CLANG_WARN_UNREACHABLE_CODE = YES;
				CLANG_WARN__DUPLICATE_METHOD_MATCH = YES;
				CODE_SIGN_IDENTITY = "iPhone Developer";
				COPY_PHASE_STRIP = NO;
				DEBUG_INFORMATION_FORMAT = dwarf;
				ENABLE_STRICT_OBJC_MSGSEND = YES;
				ENABLE_TESTABILITY = YES;
				GCC_C_LANGUAGE_STANDARD = gnu11;
				GCC_DYNAMIC_NO_PIC = NO;
				GCC_NO_COMMON_BLOCKS = YES;
				GCC_OPTIMIZATION_LEVEL = 0;
				GCC_PREPROCESSOR_DEFINITIONS = (
					"DEBUG=1",
					"$(inherited)",
				);
				GCC_WARN_64_TO_32_BIT_CONVERSION = YES;
				GCC_WARN_ABOUT_RETURN_TYPE = YES_ERROR;
				GCC_WARN_UNDECLARED_SELECTOR = YES;
				GCC_WARN_UNINITIALIZED_AUTOS = YES_AGGRESSIVE;
				GCC_WARN_UNUSED_FUNCTION = YES;
				GCC_WARN_UNUSED_VARIABLE = YES;
				IPHONEOS_DEPLOYMENT_TARGET = 11.2;
				MTL_ENABLE_DEBUG_INFO = YES;
				ONLY_ACTIVE_ARCH = YES;
				SDKROOT = iphoneos;
			};
			name = Debug;
		};
		24FC3DAB2006248A001F9D20 /* Release */ = {
			isa = XCBuildConfiguration;
			buildSettings = {
				ALWAYS_SEARCH_USER_PATHS = NO;
				CLANG_ANALYZER_NONNULL = YES;
				CLANG_ANALYZER_NUMBER_OBJECT_CONVERSION = YES_AGGRESSIVE;
				CLANG_CXX_LANGUAGE_STANDARD = "gnu++14";
				CLANG_CXX_LIBRARY = "libc++";
				CLANG_ENABLE_MODULES = YES;
				CLANG_ENABLE_OBJC_ARC = YES;
				CLANG_WARN_BLOCK_CAPTURE_AUTORELEASING = YES;
				CLANG_WARN_BOOL_CONVERSION = YES;
				CLANG_WARN_COMMA = YES;
				CLANG_WARN_CONSTANT_CONVERSION = YES;
				CLANG_WARN_DIRECT_OBJC_ISA_USAGE = YES_ERROR;
				CLANG_WARN_DOCUMENTATION_COMMENTS = YES;
				CLANG_WARN_EMPTY_BODY = YES;
				CLANG_WARN_ENUM_CONVERSION = YES;
				CLANG_WARN_INFINITE_RECURSION = YES;
				CLANG_WARN_INT_CONVERSION = YES;
				CLANG_WARN_NON_LITERAL_NULL_CONVERSION = YES;
				CLANG_WARN_OBJC_LITERAL_CONVERSION = YES;
				CLANG_WARN_OBJC_ROOT_CLASS = YES_ERROR;
				CLANG_WARN_RANGE_LOOP_ANALYSIS = YES;
				CLANG_WARN_STRICT_PROTOTYPES = YES;
				CLANG_WARN_SUSPICIOUS_MOVE = YES;
				CLANG_WARN_UNGUARDED_AVAILABILITY = YES_AGGRESSIVE;
				CLANG_WARN_UNREACHABLE_CODE = YES;
				CLANG_WARN__DUPLICATE_METHOD_MATCH = YES;
				CODE_SIGN_IDENTITY = "iPhone Developer";
				COPY_PHASE_STRIP = NO;
				DEBUG_INFORMATION_FORMAT = "dwarf-with-dsym";
				ENABLE_NS_ASSERTIONS = NO;
				ENABLE_STRICT_OBJC_MSGSEND = YES;
				GCC_C_LANGUAGE_STANDARD = gnu11;
				GCC_NO_COMMON_BLOCKS = YES;
				GCC_WARN_64_TO_32_BIT_CONVERSION = YES;
				GCC_WARN_ABOUT_RETURN_TYPE = YES_ERROR;
				GCC_WARN_UNDECLARED_SELECTOR = YES;
				GCC_WARN_UNINITIALIZED_AUTOS = YES_AGGRESSIVE;
				GCC_WARN_UNUSED_FUNCTION = YES;
				GCC_WARN_UNUSED_VARIABLE = YES;
				IPHONEOS_DEPLOYMENT_TARGET = 11.2;
				MTL_ENABLE_DEBUG_INFO = NO;
				SDKROOT = iphoneos;
				VALIDATE_PRODUCT = YES;
			};
			name = Release;
		};
		24FC3DAD2006248A001F9D20 /* Debug */ = {
			isa = XCBuildConfiguration;
			buildSettings = {
				ASSETCATALOG_COMPILER_APPICON_NAME = AppIcon;
				CODE_SIGN_STYLE = Automatic;
				DEVELOPMENT_TEAM = 3QDN69YV69;
				INFOPLIST_FILE = Assignment/Info.plist;
				LD_RUNPATH_SEARCH_PATHS = "$(inherited) @executable_path/Frameworks";
				PRODUCT_BUNDLE_IDENTIFIER = com.weiting.Assignment;
				PRODUCT_NAME = "$(TARGET_NAME)";
				TARGETED_DEVICE_FAMILY = "1,2";
			};
			name = Debug;
		};
		24FC3DAE2006248A001F9D20 /* Release */ = {
			isa = XCBuildConfiguration;
			buildSettings = {
				ASSETCATALOG_COMPILER_APPICON_NAME = AppIcon;
				CODE_SIGN_STYLE = Automatic;
				DEVELOPMENT_TEAM = 3QDN69YV69;
				INFOPLIST_FILE = Assignment/Info.plist;
				LD_RUNPATH_SEARCH_PATHS = "$(inherited) @executable_path/Frameworks";
				PRODUCT_BUNDLE_IDENTIFIER = com.weiting.Assignment;
				PRODUCT_NAME = "$(TARGET_NAME)";
				TARGETED_DEVICE_FAMILY = "1,2";
			};
			name = Release;
		};
/* End XCBuildConfiguration section */

/* Begin XCConfigurationList section */
		24FC3D8E2006248A001F9D20 /* Build configuration list for PBXProject "Assignment" */ = {
			isa = XCConfigurationList;
			buildConfigurations = (
				24FC3DAA2006248A001F9D20 /* Debug */,
				24FC3DAB2006248A001F9D20 /* Release */,
			);
			defaultConfigurationIsVisible = 0;
			defaultConfigurationName = Release;
		};
		24FC3DAC2006248A001F9D20 /* Build configuration list for PBXNativeTarget "Assignment" */ = {
			isa = XCConfigurationList;
			buildConfigurations = (
				24FC3DAD2006248A001F9D20 /* Debug */,
				24FC3DAE2006248A001F9D20 /* Release */,
			);
			defaultConfigurationIsVisible = 0;
			defaultConfigurationName = Release;
		};
/* End XCConfigurationList section */

/* Begin XCVersionGroup section */
		24FC3D9F2006248A001F9D20 /* Assignment.xcdatamodeld */ = {
			isa = XCVersionGroup;
			children = (
				24FC3DA02006248A001F9D20 /* Assignment.xcdatamodel */,
			);
			currentVersion = 24FC3DA02006248A001F9D20 /* Assignment.xcdatamodel */;
			path = Assignment.xcdatamodeld;
			sourceTree = "<group>";
			versionGroupType = wrapper.xcdatamodel;
		};
/* End XCVersionGroup section */
	};
	rootObject = 24FC3D8B2006248A001F9D20 /* Project object */;
}
